// !$*UTF8*$!
{
	archiveVersion = 1;
	classes = {
	};
	objectVersion = 46;
	objects = {

/* Begin PBXBuildFile section */
		97A7C0611C08C3FF00E18635 /* AppDelegate.swift in Sources */ = {isa = PBXBuildFile; fileRef = 97A7C0601C08C3FF00E18635 /* AppDelegate.swift */; };
		97A7C0631C08C3FF00E18635 /* ViewController.swift in Sources */ = {isa = PBXBuildFile; fileRef = 97A7C0621C08C3FF00E18635 /* ViewController.swift */; };
		97A7C0661C08C3FF00E18635 /* Main.storyboard in Resources */ = {isa = PBXBuildFile; fileRef = 97A7C0641C08C3FF00E18635 /* Main.storyboard */; };
		97A7C0681C08C3FF00E18635 /* Assets.xcassets in Resources */ = {isa = PBXBuildFile; fileRef = 97A7C0671C08C3FF00E18635 /* Assets.xcassets */; };
		97A7C06B1C08C3FF00E18635 /* LaunchScreen.storyboard in Resources */ = {isa = PBXBuildFile; fileRef = 97A7C0691C08C3FF00E18635 /* LaunchScreen.storyboard */; };
		97A7C0701C08C3FF00E18635 /* SabbaticalCountdown WatchKit App.app in Embed Watch Content */ = {isa = PBXBuildFile; fileRef = 97A7C06F1C08C3FF00E18635 /* SabbaticalCountdown WatchKit App.app */; };
		97A7C0761C08C3FF00E18635 /* Interface.storyboard in Resources */ = {isa = PBXBuildFile; fileRef = 97A7C0741C08C3FF00E18635 /* Interface.storyboard */; };
		97A7C0781C08C3FF00E18635 /* Assets.xcassets in Resources */ = {isa = PBXBuildFile; fileRef = 97A7C0771C08C3FF00E18635 /* Assets.xcassets */; };
		97A7C07F1C08C3FF00E18635 /* SabbaticalCountdown WatchKit Extension.appex in Embed App Extensions */ = {isa = PBXBuildFile; fileRef = 97A7C07E1C08C3FF00E18635 /* SabbaticalCountdown WatchKit Extension.appex */; settings = {ATTRIBUTES = (RemoveHeadersOnCopy, ); }; };
		97A7C0841C08C3FF00E18635 /* InterfaceController.swift in Sources */ = {isa = PBXBuildFile; fileRef = 97A7C0831C08C3FF00E18635 /* InterfaceController.swift */; };
		97A7C0861C08C3FF00E18635 /* ExtensionDelegate.swift in Sources */ = {isa = PBXBuildFile; fileRef = 97A7C0851C08C3FF00E18635 /* ExtensionDelegate.swift */; };
		97A7C0881C08C3FF00E18635 /* Assets.xcassets in Resources */ = {isa = PBXBuildFile; fileRef = 97A7C0871C08C3FF00E18635 /* Assets.xcassets */; };
/* End PBXBuildFile section */

/* Begin PBXContainerItemProxy section */
		97A7C0711C08C3FF00E18635 /* PBXContainerItemProxy */ = {
			isa = PBXContainerItemProxy;
			containerPortal = 97A7C0551C08C3FF00E18635 /* Project object */;
			proxyType = 1;
			remoteGlobalIDString = 97A7C06E1C08C3FF00E18635;
			remoteInfo = "SabbaticalCountdown WatchKit App";
		};
		97A7C0801C08C3FF00E18635 /* PBXContainerItemProxy */ = {
			isa = PBXContainerItemProxy;
			containerPortal = 97A7C0551C08C3FF00E18635 /* Project object */;
			proxyType = 1;
			remoteGlobalIDString = 97A7C07D1C08C3FF00E18635;
			remoteInfo = "SabbaticalCountdown WatchKit Extension";
		};
/* End PBXContainerItemProxy section */

/* Begin PBXCopyFilesBuildPhase section */
		97A7C08F1C08C40000E18635 /* Embed App Extensions */ = {
			isa = PBXCopyFilesBuildPhase;
			buildActionMask = 2147483647;
			dstPath = "";
			dstSubfolderSpec = 13;
			files = (
				97A7C07F1C08C3FF00E18635 /* SabbaticalCountdown WatchKit Extension.appex in Embed App Extensions */,
			);
			name = "Embed App Extensions";
			runOnlyForDeploymentPostprocessing = 0;
		};
		97A7C0931C08C40000E18635 /* Embed Watch Content */ = {
			isa = PBXCopyFilesBuildPhase;
			buildActionMask = 2147483647;
			dstPath = "$(CONTENTS_FOLDER_PATH)/Watch";
			dstSubfolderSpec = 16;
			files = (
				97A7C0701C08C3FF00E18635 /* SabbaticalCountdown WatchKit App.app in Embed Watch Content */,
			);
			name = "Embed Watch Content";
			runOnlyForDeploymentPostprocessing = 0;
		};
/* End PBXCopyFilesBuildPhase section */

/* Begin PBXFileReference section */
		97A7C05D1C08C3FF00E18635 /* SabbaticalCountdown.app */ = {isa = PBXFileReference; explicitFileType = wrapper.application; includeInIndex = 0; path = SabbaticalCountdown.app; sourceTree = BUILT_PRODUCTS_DIR; };
		97A7C0601C08C3FF00E18635 /* AppDelegate.swift */ = {isa = PBXFileReference; lastKnownFileType = sourcecode.swift; path = AppDelegate.swift; sourceTree = "<group>"; };
		97A7C0621C08C3FF00E18635 /* ViewController.swift */ = {isa = PBXFileReference; lastKnownFileType = sourcecode.swift; path = ViewController.swift; sourceTree = "<group>"; };
		97A7C0651C08C3FF00E18635 /* Base */ = {isa = PBXFileReference; lastKnownFileType = file.storyboard; name = Base; path = Base.lproj/Main.storyboard; sourceTree = "<group>"; };
		97A7C0671C08C3FF00E18635 /* Assets.xcassets */ = {isa = PBXFileReference; lastKnownFileType = folder.assetcatalog; path = Assets.xcassets; sourceTree = "<group>"; };
		97A7C06A1C08C3FF00E18635 /* Base */ = {isa = PBXFileReference; lastKnownFileType = file.storyboard; name = Base; path = Base.lproj/LaunchScreen.storyboard; sourceTree = "<group>"; };
		97A7C06C1C08C3FF00E18635 /* Info.plist */ = {isa = PBXFileReference; lastKnownFileType = text.plist.xml; path = Info.plist; sourceTree = "<group>"; };
		97A7C06F1C08C3FF00E18635 /* SabbaticalCountdown WatchKit App.app */ = {isa = PBXFileReference; explicitFileType = wrapper.application; includeInIndex = 0; path = "SabbaticalCountdown WatchKit App.app"; sourceTree = BUILT_PRODUCTS_DIR; };
		97A7C0751C08C3FF00E18635 /* Base */ = {isa = PBXFileReference; lastKnownFileType = file.storyboard; name = Base; path = Base.lproj/Interface.storyboard; sourceTree = "<group>"; };
		97A7C0771C08C3FF00E18635 /* Assets.xcassets */ = {isa = PBXFileReference; lastKnownFileType = folder.assetcatalog; path = Assets.xcassets; sourceTree = "<group>"; };
		97A7C0791C08C3FF00E18635 /* Info.plist */ = {isa = PBXFileReference; lastKnownFileType = text.plist.xml; path = Info.plist; sourceTree = "<group>"; };
		97A7C07E1C08C3FF00E18635 /* SabbaticalCountdown WatchKit Extension.appex */ = {isa = PBXFileReference; explicitFileType = "wrapper.app-extension"; includeInIndex = 0; path = "SabbaticalCountdown WatchKit Extension.appex"; sourceTree = BUILT_PRODUCTS_DIR; };
		97A7C0831C08C3FF00E18635 /* InterfaceController.swift */ = {isa = PBXFileReference; lastKnownFileType = sourcecode.swift; path = InterfaceController.swift; sourceTree = "<group>"; };
		97A7C0851C08C3FF00E18635 /* ExtensionDelegate.swift */ = {isa = PBXFileReference; lastKnownFileType = sourcecode.swift; path = ExtensionDelegate.swift; sourceTree = "<group>"; };
		97A7C0871C08C3FF00E18635 /* Assets.xcassets */ = {isa = PBXFileReference; lastKnownFileType = folder.assetcatalog; path = Assets.xcassets; sourceTree = "<group>"; };
		97A7C0891C08C3FF00E18635 /* Info.plist */ = {isa = PBXFileReference; lastKnownFileType = text.plist.xml; path = Info.plist; sourceTree = "<group>"; };
/* End PBXFileReference section */

/* Begin PBXFrameworksBuildPhase section */
		97A7C05A1C08C3FF00E18635 /* Frameworks */ = {
			isa = PBXFrameworksBuildPhase;
			buildActionMask = 2147483647;
			files = (
			);
			runOnlyForDeploymentPostprocessing = 0;
		};
		97A7C07B1C08C3FF00E18635 /* Frameworks */ = {
			isa = PBXFrameworksBuildPhase;
			buildActionMask = 2147483647;
			files = (
			);
			runOnlyForDeploymentPostprocessing = 0;
		};
/* End PBXFrameworksBuildPhase section */

/* Begin PBXGroup section */
		97A7C0541C08C3FF00E18635 = {
			isa = PBXGroup;
			children = (
				97A7C05F1C08C3FF00E18635 /* SabbaticalCountdown */,
				97A7C0731C08C3FF00E18635 /* SabbaticalCountdown WatchKit App */,
				97A7C0821C08C3FF00E18635 /* SabbaticalCountdown WatchKit Extension */,
				97A7C05E1C08C3FF00E18635 /* Products */,
			);
			sourceTree = "<group>";
		};
		97A7C05E1C08C3FF00E18635 /* Products */ = {
			isa = PBXGroup;
			children = (
				97A7C05D1C08C3FF00E18635 /* SabbaticalCountdown.app */,
				97A7C06F1C08C3FF00E18635 /* SabbaticalCountdown WatchKit App.app */,
				97A7C07E1C08C3FF00E18635 /* SabbaticalCountdown WatchKit Extension.appex */,
			);
			name = Products;
			sourceTree = "<group>";
		};
		97A7C05F1C08C3FF00E18635 /* SabbaticalCountdown */ = {
			isa = PBXGroup;
			children = (
				97A7C0601C08C3FF00E18635 /* AppDelegate.swift */,
				97A7C0621C08C3FF00E18635 /* ViewController.swift */,
				97A7C0641C08C3FF00E18635 /* Main.storyboard */,
				97A7C0671C08C3FF00E18635 /* Assets.xcassets */,
				97A7C0691C08C3FF00E18635 /* LaunchScreen.storyboard */,
				97A7C06C1C08C3FF00E18635 /* Info.plist */,
			);
			path = SabbaticalCountdown;
			sourceTree = "<group>";
		};
		97A7C0731C08C3FF00E18635 /* SabbaticalCountdown WatchKit App */ = {
			isa = PBXGroup;
			children = (
				97A7C0741C08C3FF00E18635 /* Interface.storyboard */,
				97A7C0771C08C3FF00E18635 /* Assets.xcassets */,
				97A7C0791C08C3FF00E18635 /* Info.plist */,
			);
			path = "SabbaticalCountdown WatchKit App";
			sourceTree = "<group>";
		};
		97A7C0821C08C3FF00E18635 /* SabbaticalCountdown WatchKit Extension */ = {
			isa = PBXGroup;
			children = (
				97A7C0831C08C3FF00E18635 /* InterfaceController.swift */,
				97A7C0851C08C3FF00E18635 /* ExtensionDelegate.swift */,
				97A7C0871C08C3FF00E18635 /* Assets.xcassets */,
				97A7C0891C08C3FF00E18635 /* Info.plist */,
			);
			path = "SabbaticalCountdown WatchKit Extension";
			sourceTree = "<group>";
		};
/* End PBXGroup section */

/* Begin PBXNativeTarget section */
		97A7C05C1C08C3FF00E18635 /* SabbaticalCountdown */ = {
			isa = PBXNativeTarget;
			buildConfigurationList = 97A7C0941C08C40000E18635 /* Build configuration list for PBXNativeTarget "SabbaticalCountdown" */;
			buildPhases = (
				97A7C0591C08C3FF00E18635 /* Sources */,
				97A7C05A1C08C3FF00E18635 /* Frameworks */,
				97A7C05B1C08C3FF00E18635 /* Resources */,
				97A7C0931C08C40000E18635 /* Embed Watch Content */,
			);
			buildRules = (
			);
			dependencies = (
				97A7C0721C08C3FF00E18635 /* PBXTargetDependency */,
			);
			name = SabbaticalCountdown;
			productName = SabbaticalCountdown;
			productReference = 97A7C05D1C08C3FF00E18635 /* SabbaticalCountdown.app */;
			productType = "com.apple.product-type.application";
		};
		97A7C06E1C08C3FF00E18635 /* SabbaticalCountdown WatchKit App */ = {
			isa = PBXNativeTarget;
			buildConfigurationList = 97A7C0901C08C40000E18635 /* Build configuration list for PBXNativeTarget "SabbaticalCountdown WatchKit App" */;
			buildPhases = (
				97A7C06D1C08C3FF00E18635 /* Resources */,
				97A7C08F1C08C40000E18635 /* Embed App Extensions */,
			);
			buildRules = (
			);
			dependencies = (
				97A7C0811C08C3FF00E18635 /* PBXTargetDependency */,
			);
			name = "SabbaticalCountdown WatchKit App";
			productName = "SabbaticalCountdown WatchKit App";
			productReference = 97A7C06F1C08C3FF00E18635 /* SabbaticalCountdown WatchKit App.app */;
			productType = "com.apple.product-type.application.watchapp2";
		};
		97A7C07D1C08C3FF00E18635 /* SabbaticalCountdown WatchKit Extension */ = {
			isa = PBXNativeTarget;
			buildConfigurationList = 97A7C08C1C08C40000E18635 /* Build configuration list for PBXNativeTarget "SabbaticalCountdown WatchKit Extension" */;
			buildPhases = (
				97A7C07A1C08C3FF00E18635 /* Sources */,
				97A7C07B1C08C3FF00E18635 /* Frameworks */,
				97A7C07C1C08C3FF00E18635 /* Resources */,
			);
			buildRules = (
			);
			dependencies = (
			);
			name = "SabbaticalCountdown WatchKit Extension";
			productName = "SabbaticalCountdown WatchKit Extension";
			productReference = 97A7C07E1C08C3FF00E18635 /* SabbaticalCountdown WatchKit Extension.appex */;
			productType = "com.apple.product-type.watchkit2-extension";
		};
/* End PBXNativeTarget section */

/* Begin PBXProject section */
		97A7C0551C08C3FF00E18635 /* Project object */ = {
			isa = PBXProject;
			attributes = {
				LastSwiftUpdateCheck = 0710;
				LastUpgradeCheck = 0710;
				ORGANIZATIONNAME = Intertech;
				TargetAttributes = {
					97A7C05C1C08C3FF00E18635 = {
						CreatedOnToolsVersion = 7.1;
					};
					97A7C06E1C08C3FF00E18635 = {
						CreatedOnToolsVersion = 7.1;
					};
					97A7C07D1C08C3FF00E18635 = {
						CreatedOnToolsVersion = 7.1;
					};
				};
			};
			buildConfigurationList = 97A7C0581C08C3FF00E18635 /* Build configuration list for PBXProject "SabbaticalCountdown" */;
			compatibilityVersion = "Xcode 3.2";
			developmentRegion = English;
			hasScannedForEncodings = 0;
			knownRegions = (
				en,
				Base,
			);
			mainGroup = 97A7C0541C08C3FF00E18635;
			productRefGroup = 97A7C05E1C08C3FF00E18635 /* Products */;
			projectDirPath = "";
			projectRoot = "";
			targets = (
				97A7C05C1C08C3FF00E18635 /* SabbaticalCountdown */,
				97A7C06E1C08C3FF00E18635 /* SabbaticalCountdown WatchKit App */,
				97A7C07D1C08C3FF00E18635 /* SabbaticalCountdown WatchKit Extension */,
			);
		};
/* End PBXProject section */

/* Begin PBXResourcesBuildPhase section */
		97A7C05B1C08C3FF00E18635 /* Resources */ = {
			isa = PBXResourcesBuildPhase;
			buildActionMask = 2147483647;
			files = (
				97A7C06B1C08C3FF00E18635 /* LaunchScreen.storyboard in Resources */,
				97A7C0681C08C3FF00E18635 /* Assets.xcassets in Resources */,
				97A7C0661C08C3FF00E18635 /* Main.storyboard in Resources */,
			);
			runOnlyForDeploymentPostprocessing = 0;
		};
		97A7C06D1C08C3FF00E18635 /* Resources */ = {
			isa = PBXResourcesBuildPhase;
			buildActionMask = 2147483647;
			files = (
				97A7C0781C08C3FF00E18635 /* Assets.xcassets in Resources */,
				97A7C0761C08C3FF00E18635 /* Interface.storyboard in Resources */,
			);
			runOnlyForDeploymentPostprocessing = 0;
		};
		97A7C07C1C08C3FF00E18635 /* Resources */ = {
			isa = PBXResourcesBuildPhase;
			buildActionMask = 2147483647;
			files = (
				97A7C0881C08C3FF00E18635 /* Assets.xcassets in Resources */,
			);
			runOnlyForDeploymentPostprocessing = 0;
		};
/* End PBXResourcesBuildPhase section */

/* Begin PBXSourcesBuildPhase section */
		97A7C0591C08C3FF00E18635 /* Sources */ = {
			isa = PBXSourcesBuildPhase;
			buildActionMask = 2147483647;
			files = (
				97A7C0631C08C3FF00E18635 /* ViewController.swift in Sources */,
				97A7C0611C08C3FF00E18635 /* AppDelegate.swift in Sources */,
			);
			runOnlyForDeploymentPostprocessing = 0;
		};
		97A7C07A1C08C3FF00E18635 /* Sources */ = {
			isa = PBXSourcesBuildPhase;
			buildActionMask = 2147483647;
			files = (
				97A7C0861C08C3FF00E18635 /* ExtensionDelegate.swift in Sources */,
				97A7C0841C08C3FF00E18635 /* InterfaceController.swift in Sources */,
			);
			runOnlyForDeploymentPostprocessing = 0;
		};
/* End PBXSourcesBuildPhase section */

/* Begin PBXTargetDependency section */
		97A7C0721C08C3FF00E18635 /* PBXTargetDependency */ = {
			isa = PBXTargetDependency;
			target = 97A7C06E1C08C3FF00E18635 /* SabbaticalCountdown WatchKit App */;
			targetProxy = 97A7C0711C08C3FF00E18635 /* PBXContainerItemProxy */;
		};
		97A7C0811C08C3FF00E18635 /* PBXTargetDependency */ = {
			isa = PBXTargetDependency;
			target = 97A7C07D1C08C3FF00E18635 /* SabbaticalCountdown WatchKit Extension */;
			targetProxy = 97A7C0801C08C3FF00E18635 /* PBXContainerItemProxy */;
		};
/* End PBXTargetDependency section */

/* Begin PBXVariantGroup section */
		97A7C0641C08C3FF00E18635 /* Main.storyboard */ = {
			isa = PBXVariantGroup;
			children = (
				97A7C0651C08C3FF00E18635 /* Base */,
			);
			name = Main.storyboard;
			sourceTree = "<group>";
		};
		97A7C0691C08C3FF00E18635 /* LaunchScreen.storyboard */ = {
			isa = PBXVariantGroup;
			children = (
				97A7C06A1C08C3FF00E18635 /* Base */,
			);
			name = LaunchScreen.storyboard;
			sourceTree = "<group>";
		};
		97A7C0741C08C3FF00E18635 /* Interface.storyboard */ = {
			isa = PBXVariantGroup;
			children = (
				97A7C0751C08C3FF00E18635 /* Base */,
			);
			name = Interface.storyboard;
			sourceTree = "<group>";
		};
/* End PBXVariantGroup section */

/* Begin XCBuildConfiguration section */
		97A7C08A1C08C40000E18635 /* Debug */ = {
			isa = XCBuildConfiguration;
			buildSettings = {
				ALWAYS_SEARCH_USER_PATHS = NO;
				CLANG_CXX_LANGUAGE_STANDARD = "gnu++0x";
				CLANG_CXX_LIBRARY = "libc++";
				CLANG_ENABLE_MODULES = YES;
				CLANG_ENABLE_OBJC_ARC = YES;
				CLANG_WARN_BOOL_CONVERSION = YES;
				CLANG_WARN_CONSTANT_CONVERSION = YES;
				CLANG_WARN_DIRECT_OBJC_ISA_USAGE = YES_ERROR;
				CLANG_WARN_EMPTY_BODY = YES;
				CLANG_WARN_ENUM_CONVERSION = YES;
				CLANG_WARN_INT_CONVERSION = YES;
				CLANG_WARN_OBJC_ROOT_CLASS = YES_ERROR;
				CLANG_WARN_UNREACHABLE_CODE = YES;
				CLANG_WARN__DUPLICATE_METHOD_MATCH = YES;
				"CODE_SIGN_IDENTITY[sdk=iphoneos*]" = "iPhone Developer";
				COPY_PHASE_STRIP = NO;
				DEBUG_INFORMATION_FORMAT = dwarf;
				ENABLE_STRICT_OBJC_MSGSEND = YES;
				ENABLE_TESTABILITY = YES;
				GCC_C_LANGUAGE_STANDARD = gnu99;
				GCC_DYNAMIC_NO_PIC = NO;
				GCC_NO_COMMON_BLOCKS = YES;
				GCC_OPTIMIZATION_LEVEL = 0;
				GCC_PREPROCESSOR_DEFINITIONS = (
					"DEBUG=1",
					"$(inherited)",
				);
				GCC_WARN_64_TO_32_BIT_CONVERSION = YES;
				GCC_WARN_ABOUT_RETURN_TYPE = YES_ERROR;
				GCC_WARN_UNDECLARED_SELECTOR = YES;
				GCC_WARN_UNINITIALIZED_AUTOS = YES_AGGRESSIVE;
				GCC_WARN_UNUSED_FUNCTION = YES;
				GCC_WARN_UNUSED_VARIABLE = YES;
				IPHONEOS_DEPLOYMENT_TARGET = 9.1;
				MTL_ENABLE_DEBUG_INFO = YES;
				ONLY_ACTIVE_ARCH = YES;
				SDKROOT = iphoneos;
				SWIFT_OPTIMIZATION_LEVEL = "-Onone";
			};
			name = Debug;
		};
		97A7C08B1C08C40000E18635 /* Release */ = {
			isa = XCBuildConfiguration;
			buildSettings = {
				ALWAYS_SEARCH_USER_PATHS = NO;
				CLANG_CXX_LANGUAGE_STANDARD = "gnu++0x";
				CLANG_CXX_LIBRARY = "libc++";
				CLANG_ENABLE_MODULES = YES;
				CLANG_ENABLE_OBJC_ARC = YES;
				CLANG_WARN_BOOL_CONVERSION = YES;
				CLANG_WARN_CONSTANT_CONVERSION = YES;
				CLANG_WARN_DIRECT_OBJC_ISA_USAGE = YES_ERROR;
				CLANG_WARN_EMPTY_BODY = YES;
				CLANG_WARN_ENUM_CONVERSION = YES;
				CLANG_WARN_INT_CONVERSION = YES;
				CLANG_WARN_OBJC_ROOT_CLASS = YES_ERROR;
				CLANG_WARN_UNREACHABLE_CODE = YES;
				CLANG_WARN__DUPLICATE_METHOD_MATCH = YES;
				"CODE_SIGN_IDENTITY[sdk=iphoneos*]" = "iPhone Developer";
				COPY_PHASE_STRIP = NO;
				DEBUG_INFORMATION_FORMAT = "dwarf-with-dsym";
				ENABLE_NS_ASSERTIONS = NO;
				ENABLE_STRICT_OBJC_MSGSEND = YES;
				GCC_C_LANGUAGE_STANDARD = gnu99;
				GCC_NO_COMMON_BLOCKS = YES;
				GCC_WARN_64_TO_32_BIT_CONVERSION = YES;
				GCC_WARN_ABOUT_RETURN_TYPE = YES_ERROR;
				GCC_WARN_UNDECLARED_SELECTOR = YES;
				GCC_WARN_UNINITIALIZED_AUTOS = YES_AGGRESSIVE;
				GCC_WARN_UNUSED_FUNCTION = YES;
				GCC_WARN_UNUSED_VARIABLE = YES;
				IPHONEOS_DEPLOYMENT_TARGET = 9.1;
				MTL_ENABLE_DEBUG_INFO = NO;
				SDKROOT = iphoneos;
				VALIDATE_PRODUCT = YES;
			};
			name = Release;
		};
		97A7C08D1C08C40000E18635 /* Debug */ = {
			isa = XCBuildConfiguration;
			buildSettings = {
				INFOPLIST_FILE = "SabbaticalCountdown WatchKit Extension/Info.plist";
				LD_RUNPATH_SEARCH_PATHS = "$(inherited) @executable_path/Frameworks @executable_path/../../Frameworks";
				PRODUCT_BUNDLE_IDENTIFIER = com.intertech.ios.SabbaticalCountdown.watchkitapp.watchkitextension;
				PRODUCT_NAME = "${TARGET_NAME}";
				SDKROOT = watchos;
				SKIP_INSTALL = YES;
				TARGETED_DEVICE_FAMILY = 4;
				WATCHOS_DEPLOYMENT_TARGET = 2.0;
			};
			name = Debug;
		};
		97A7C08E1C08C40000E18635 /* Release */ = {
			isa = XCBuildConfiguration;
			buildSettings = {
				INFOPLIST_FILE = "SabbaticalCountdown WatchKit Extension/Info.plist";
				LD_RUNPATH_SEARCH_PATHS = "$(inherited) @executable_path/Frameworks @executable_path/../../Frameworks";
				PRODUCT_BUNDLE_IDENTIFIER = com.intertech.ios.SabbaticalCountdown.watchkitapp.watchkitextension;
				PRODUCT_NAME = "${TARGET_NAME}";
				SDKROOT = watchos;
				SKIP_INSTALL = YES;
				TARGETED_DEVICE_FAMILY = 4;
				WATCHOS_DEPLOYMENT_TARGET = 2.0;
			};
			name = Release;
		};
		97A7C0911C08C40000E18635 /* Debug */ = {
			isa = XCBuildConfiguration;
			buildSettings = {
				ASSETCATALOG_COMPILER_APPICON_NAME = AppIcon;
				EMBEDDED_CONTENT_CONTAINS_SWIFT = YES;
				IBSC_MODULE = SabbaticalCountdown_WatchKit_Extension;
				INFOPLIST_FILE = "SabbaticalCountdown WatchKit App/Info.plist";
				PRODUCT_BUNDLE_IDENTIFIER = com.intertech.ios.SabbaticalCountdown.watchkitapp;
				PRODUCT_NAME = "$(TARGET_NAME)";
				SDKROOT = watchos;
				SKIP_INSTALL = YES;
				TARGETED_DEVICE_FAMILY = 4;
				WATCHOS_DEPLOYMENT_TARGET = 2.0;
			};
			name = Debug;
		};
		97A7C0921C08C40000E18635 /* Release */ = {
			isa = XCBuildConfiguration;
			buildSettings = {
				ASSETCATALOG_COMPILER_APPICON_NAME = AppIcon;
				EMBEDDED_CONTENT_CONTAINS_SWIFT = YES;
				IBSC_MODULE = SabbaticalCountdown_WatchKit_Extension;
				INFOPLIST_FILE = "SabbaticalCountdown WatchKit App/Info.plist";
				PRODUCT_BUNDLE_IDENTIFIER = com.intertech.ios.SabbaticalCountdown.watchkitapp;
				PRODUCT_NAME = "$(TARGET_NAME)";
				SDKROOT = watchos;
				SKIP_INSTALL = YES;
				TARGETED_DEVICE_FAMILY = 4;
				WATCHOS_DEPLOYMENT_TARGET = 2.0;
			};
			name = Release;
		};
		97A7C0951C08C40000E18635 /* Debug */ = {
			isa = XCBuildConfiguration;
			buildSettings = {
				ASSETCATALOG_COMPILER_APPICON_NAME = AppIcon;
				INFOPLIST_FILE = SabbaticalCountdown/Info.plist;
				LD_RUNPATH_SEARCH_PATHS = "$(inherited) @executable_path/Frameworks";
				PRODUCT_BUNDLE_IDENTIFIER = com.intertech.ios.SabbaticalCountdown;
				PRODUCT_NAME = "$(TARGET_NAME)";
			};
			name = Debug;
		};
		97A7C0961C08C40000E18635 /* Release */ = {
			isa = XCBuildConfiguration;
			buildSettings = {
				ASSETCATALOG_COMPILER_APPICON_NAME = AppIcon;
				INFOPLIST_FILE = SabbaticalCountdown/Info.plist;
				LD_RUNPATH_SEARCH_PATHS = "$(inherited) @executable_path/Frameworks";
				PRODUCT_BUNDLE_IDENTIFIER = com.intertech.ios.SabbaticalCountdown;
				PRODUCT_NAME = "$(TARGET_NAME)";
			};
			name = Release;
		};
/* End XCBuildConfiguration section */

/* Begin XCConfigurationList section */
		97A7C0581C08C3FF00E18635 /* Build configuration list for PBXProject "SabbaticalCountdown" */ = {
			isa = XCConfigurationList;
			buildConfigurations = (
				97A7C08A1C08C40000E18635 /* Debug */,
				97A7C08B1C08C40000E18635 /* Release */,
			);
			defaultConfigurationIsVisible = 0;
			defaultConfigurationName = Release;
		};
		97A7C08C1C08C40000E18635 /* Build configuration list for PBXNativeTarget "SabbaticalCountdown WatchKit Extension" */ = {
			isa = XCConfigurationList;
			buildConfigurations = (
				97A7C08D1C08C40000E18635 /* Debug */,
				97A7C08E1C08C40000E18635 /* Release */,
			);
			defaultConfigurationIsVisible = 0;
		};
		97A7C0901C08C40000E18635 /* Build configuration list for PBXNativeTarget "SabbaticalCountdown WatchKit App" */ = {
			isa = XCConfigurationList;
			buildConfigurations = (
				97A7C0911C08C40000E18635 /* Debug */,
				97A7C0921C08C40000E18635 /* Release */,
			);
			defaultConfigurationIsVisible = 0;
		};
		97A7C0941C08C40000E18635 /* Build configuration list for PBXNativeTarget "SabbaticalCountdown" */ = {
			isa = XCConfigurationList;
			buildConfigurations = (
				97A7C0951C08C40000E18635 /* Debug */,
				97A7C0961C08C40000E18635 /* Release */,
			);
			defaultConfigurationIsVisible = 0;
		};
/* End XCConfigurationList section */
	};
	rootObject = 97A7C0551C08C3FF00E18635 /* Project object */;
}
